PODS:
  - EFAutoScrollLabel (4.0.2)

DEPENDENCIES:
  - EFAutoScrollLabel

SPEC REPOS:
  https://github.com/cocoapods/specs.git:
    - EFAutoScrollLabel

SPEC CHECKSUMS:
  EFAutoScrollLabel: 0534a0535b5ab9131c939dcf45aaa9f398156e97

PODFILE CHECKSUM: 9c1f9b593940bfc529199497e6b34dc92f463741

COCOAPODS: 1.5.2
