// !$*UTF8*$!
{
	archiveVersion = 1;
	classes = {
	};
	objectVersion = 46;
	objects = {

/* Begin PBXBuildFile section */
		4001E4AD27527E624ED234FB /* Pods_AlsKeyboard.framework in Frameworks */ = {isa = PBXBuildFile; fileRef = 8A06847AF1653B5891D83AF7 /* Pods_AlsKeyboard.framework */; };
		A22EA91F1F2F625C00423D84 /* ALSEngine.swift in Sources */ = {isa = PBXBuildFile; fileRef = A22EA9171F2F622800423D84 /* ALSEngine.swift */; };
		A22EA9231F2F626500423D84 /* FaceInputData.swift in Sources */ = {isa = PBXBuildFile; fileRef = A22EA91B1F2F622800423D84 /* FaceInputData.swift */; };
		A56695F01CE8B34B00BD7EAF /* AppDelegate.swift in Sources */ = {isa = PBXBuildFile; fileRef = A56695EF1CE8B34B00BD7EAF /* AppDelegate.swift */; };
		A56695F51CE8B34B00BD7EAF /* Main.storyboard in Resources */ = {isa = PBXBuildFile; fileRef = A56695F31CE8B34B00BD7EAF /* Main.storyboard */; };
		A56695F71CE8B34B00BD7EAF /* Assets.xcassets in Resources */ = {isa = PBXBuildFile; fileRef = A56695F61CE8B34B00BD7EAF /* Assets.xcassets */; };
		A56695FA1CE8B34B00BD7EAF /* LaunchScreen.storyboard in Resources */ = {isa = PBXBuildFile; fileRef = A56695F81CE8B34B00BD7EAF /* LaunchScreen.storyboard */; };
		A56696051CE8B34B00BD7EAF /* KeyboardTests.swift in Sources */ = {isa = PBXBuildFile; fileRef = A56696041CE8B34B00BD7EAF /* KeyboardTests.swift */; };
		BB49DA0A20E681D000D87620 /* VisionKitMoveDetector.swift in Sources */ = {isa = PBXBuildFile; fileRef = BB49DA0920E681D000D87620 /* VisionKitMoveDetector.swift */; };
		BB49DA0C20E688B600D87620 /* TutorialPracticeVC.swift in Sources */ = {isa = PBXBuildFile; fileRef = BB49DA0B20E688B600D87620 /* TutorialPracticeVC.swift */; };
		BB49DA0E20E690DE00D87620 /* FaceInputDataTests.swift in Sources */ = {isa = PBXBuildFile; fileRef = BB49DA0D20E690DE00D87620 /* FaceInputDataTests.swift */; };
		BB49DA1120E6ADA100D87620 /* FacialExpressionTests.swift in Sources */ = {isa = PBXBuildFile; fileRef = BB49DA1020E6ADA100D87620 /* FacialExpressionTests.swift */; };
		BB4AA63F20DD30F4006EE5FA /* ARSceneKit.storyboard in Resources */ = {isa = PBXBuildFile; fileRef = BB4AA63E20DD30F4006EE5FA /* ARSceneKit.storyboard */; };
		BB4AA64120DD3192006EE5FA /* MainARSceneVC.swift in Sources */ = {isa = PBXBuildFile; fileRef = BB4AA64020DD3192006EE5FA /* MainARSceneVC.swift */; };
		BB4F492120DFC03E00F19109 /* MoveDetector.swift in Sources */ = {isa = PBXBuildFile; fileRef = BB4F492020DFC03E00F19109 /* MoveDetector.swift */; };
		BB4F492420DFC05C00F19109 /* ARKitMoveDetector.swift in Sources */ = {isa = PBXBuildFile; fileRef = BB4F492320DFC05C00F19109 /* ARKitMoveDetector.swift */; };
		BB4F492620DFC07E00F19109 /* DLibMoveDetector.swift in Sources */ = {isa = PBXBuildFile; fileRef = BB4F492520DFC07E00F19109 /* DLibMoveDetector.swift */; };
		BB4F492920DFCA0000F19109 /* FacialMoveKeyboard.swift in Sources */ = {isa = PBXBuildFile; fileRef = BB4F492820DFCA0000F19109 /* FacialMoveKeyboard.swift */; };
		BB4F492B20DFCA2700F19109 /* SimpleKeyboard.swift in Sources */ = {isa = PBXBuildFile; fileRef = BB4F492A20DFCA2700F19109 /* SimpleKeyboard.swift */; };
		BB4F492D20DFCA3C00F19109 /* FacialExpression.swift in Sources */ = {isa = PBXBuildFile; fileRef = BB4F492C20DFCA3C00F19109 /* FacialExpression.swift */; };
		BB62CBAE20E6B365009472C7 /* FaceInputData.swift in Sources */ = {isa = PBXBuildFile; fileRef = A22EA91B1F2F622800423D84 /* FaceInputData.swift */; };
		BB62CBAF20E6B365009472C7 /* FacialExpression.swift in Sources */ = {isa = PBXBuildFile; fileRef = BB4F492C20DFCA3C00F19109 /* FacialExpression.swift */; };
		BB62CBB020E6B365009472C7 /* FacialMove.swift in Sources */ = {isa = PBXBuildFile; fileRef = BB8D512A20DD3EAF00D81E51 /* FacialMove.swift */; };
		BB62CBB120E6B365009472C7 /* MoveDetector.swift in Sources */ = {isa = PBXBuildFile; fileRef = BB4F492020DFC03E00F19109 /* MoveDetector.swift */; };
		BB62CBB220E6B365009472C7 /* ARKitMoveDetector.swift in Sources */ = {isa = PBXBuildFile; fileRef = BB4F492320DFC05C00F19109 /* ARKitMoveDetector.swift */; };
		BB62CBB320E6B365009472C7 /* VisionKitMoveDetector.swift in Sources */ = {isa = PBXBuildFile; fileRef = BB49DA0920E681D000D87620 /* VisionKitMoveDetector.swift */; };
		BB62CBB420E6B365009472C7 /* DLibMoveDetector.swift in Sources */ = {isa = PBXBuildFile; fileRef = BB4F492520DFC07E00F19109 /* DLibMoveDetector.swift */; };
		BB62CBB520E6B365009472C7 /* FacialMoveKeyboard.swift in Sources */ = {isa = PBXBuildFile; fileRef = BB4F492820DFCA0000F19109 /* FacialMoveKeyboard.swift */; };
		BB62CBB620E6B365009472C7 /* SimpleKeyboard.swift in Sources */ = {isa = PBXBuildFile; fileRef = BB4F492A20DFCA2700F19109 /* SimpleKeyboard.swift */; };
		BB62CBB720E6B365009472C7 /* ALSEngine.swift in Sources */ = {isa = PBXBuildFile; fileRef = A22EA9171F2F622800423D84 /* ALSEngine.swift */; };
		BB8D512B20DD3EAF00D81E51 /* FacialMove.swift in Sources */ = {isa = PBXBuildFile; fileRef = BB8D512A20DD3EAF00D81E51 /* FacialMove.swift */; };
		BBCE8DAD20CAA59B00DBE34A /* Accelerate.framework in Frameworks */ = {isa = PBXBuildFile; fileRef = BBCE8DAC20CAA42600DBE34A /* Accelerate.framework */; };
		BBD4813020D9659D00762EAE /* UserHardware.swift in Sources */ = {isa = PBXBuildFile; fileRef = BBD4812F20D9659D00762EAE /* UserHardware.swift */; };
		BBEE83E720E537F700618FBD /* VisionSceneVC.swift in Sources */ = {isa = PBXBuildFile; fileRef = BBEE83E620E537F700618FBD /* VisionSceneVC.swift */; };
		BBEE83E920E5384500618FBD /* PreviewView.swift in Sources */ = {isa = PBXBuildFile; fileRef = BBEE83E820E5384500618FBD /* PreviewView.swift */; };
		BBEE83EB20E5407000618FBD /* OrientationExtensions.swift in Sources */ = {isa = PBXBuildFile; fileRef = BBEE83EA20E5407000618FBD /* OrientationExtensions.swift */; };
		BBEE83F120E54EE900618FBD /* Tutorial.storyboard in Resources */ = {isa = PBXBuildFile; fileRef = BBEE83F020E54EE900618FBD /* Tutorial.storyboard */; };
		BBEE83F320E54FE400618FBD /* TutorialIntroVC.swift in Sources */ = {isa = PBXBuildFile; fileRef = BBEE83F220E54FE400618FBD /* TutorialIntroVC.swift */; };
		F6BD193CF5094A5FF14C0BA4 /* Pods_AlsKeyboardTests.framework in Frameworks */ = {isa = PBXBuildFile; fileRef = A7322841C55E4AB95F6FEF98 /* Pods_AlsKeyboardTests.framework */; };
/* End PBXBuildFile section */

/* Begin PBXContainerItemProxy section */
		BB62CBAC20E6AFDA009472C7 /* PBXContainerItemProxy */ = {
			isa = PBXContainerItemProxy;
			containerPortal = A56695E41CE8B34B00BD7EAF /* Project object */;
			proxyType = 1;
			remoteGlobalIDString = A56695EB1CE8B34B00BD7EAF;
			remoteInfo = AlsKeyboard;
		};
/* End PBXContainerItemProxy section */

/* Begin PBXFileReference section */
		118EFC3CA248C26C06544824 /* Pods-AlsKeyboardUITests.release.xcconfig */ = {isa = PBXFileReference; includeInIndex = 1; lastKnownFileType = text.xcconfig; name = "Pods-AlsKeyboardUITests.release.xcconfig"; path = "Pods/Target Support Files/Pods-AlsKeyboardUITests/Pods-AlsKeyboardUITests.release.xcconfig"; sourceTree = "<group>"; };
		3E895BA39EEEA06CD290C48C /* Pods_AlsKeyboardUITests.framework */ = {isa = PBXFileReference; explicitFileType = wrapper.framework; includeInIndex = 0; path = Pods_AlsKeyboardUITests.framework; sourceTree = BUILT_PRODUCTS_DIR; };
		6DD41D788CBDD9755E971763 /* Pods-AlsKeyboardTests.debug.xcconfig */ = {isa = PBXFileReference; includeInIndex = 1; lastKnownFileType = text.xcconfig; name = "Pods-AlsKeyboardTests.debug.xcconfig"; path = "Pods/Target Support Files/Pods-AlsKeyboardTests/Pods-AlsKeyboardTests.debug.xcconfig"; sourceTree = "<group>"; };
		8A06847AF1653B5891D83AF7 /* Pods_AlsKeyboard.framework */ = {isa = PBXFileReference; explicitFileType = wrapper.framework; includeInIndex = 0; path = Pods_AlsKeyboard.framework; sourceTree = BUILT_PRODUCTS_DIR; };
		A22EA9171F2F622800423D84 /* ALSEngine.swift */ = {isa = PBXFileReference; lastKnownFileType = sourcecode.swift; path = ALSEngine.swift; sourceTree = "<group>"; };
		A22EA91B1F2F622800423D84 /* FaceInputData.swift */ = {isa = PBXFileReference; lastKnownFileType = sourcecode.swift; path = FaceInputData.swift; sourceTree = "<group>"; };
		A56695EC1CE8B34B00BD7EAF /* AlsKeyboard.app */ = {isa = PBXFileReference; explicitFileType = wrapper.application; includeInIndex = 0; path = AlsKeyboard.app; sourceTree = BUILT_PRODUCTS_DIR; };
		A56695EF1CE8B34B00BD7EAF /* AppDelegate.swift */ = {isa = PBXFileReference; lastKnownFileType = sourcecode.swift; path = AppDelegate.swift; sourceTree = "<group>"; };
		A56695F41CE8B34B00BD7EAF /* Base */ = {isa = PBXFileReference; lastKnownFileType = file.storyboard; name = Base; path = Base.lproj/Main.storyboard; sourceTree = "<group>"; };
		A56695F61CE8B34B00BD7EAF /* Assets.xcassets */ = {isa = PBXFileReference; lastKnownFileType = folder.assetcatalog; path = Assets.xcassets; sourceTree = "<group>"; };
		A56695F91CE8B34B00BD7EAF /* Base */ = {isa = PBXFileReference; lastKnownFileType = file.storyboard; name = Base; path = Base.lproj/LaunchScreen.storyboard; sourceTree = "<group>"; };
		A56695FB1CE8B34B00BD7EAF /* Info.plist */ = {isa = PBXFileReference; lastKnownFileType = text.plist.xml; path = Info.plist; sourceTree = "<group>"; };
		A56696001CE8B34B00BD7EAF /* AlsKeyboardTests.xctest */ = {isa = PBXFileReference; explicitFileType = wrapper.cfbundle; includeInIndex = 0; path = AlsKeyboardTests.xctest; sourceTree = BUILT_PRODUCTS_DIR; };
		A56696041CE8B34B00BD7EAF /* KeyboardTests.swift */ = {isa = PBXFileReference; lastKnownFileType = sourcecode.swift; path = KeyboardTests.swift; sourceTree = "<group>"; };
		A56696061CE8B34B00BD7EAF /* Info.plist */ = {isa = PBXFileReference; lastKnownFileType = text.plist.xml; path = Info.plist; sourceTree = "<group>"; };
		A566960F1CE8B34B00BD7EAF /* AlsKeyboardUITests.swift */ = {isa = PBXFileReference; lastKnownFileType = sourcecode.swift; path = AlsKeyboardUITests.swift; sourceTree = "<group>"; };
		A56696111CE8B34B00BD7EAF /* Info.plist */ = {isa = PBXFileReference; lastKnownFileType = text.plist.xml; path = Info.plist; sourceTree = "<group>"; };
		A7322841C55E4AB95F6FEF98 /* Pods_AlsKeyboardTests.framework */ = {isa = PBXFileReference; explicitFileType = wrapper.framework; includeInIndex = 0; path = Pods_AlsKeyboardTests.framework; sourceTree = BUILT_PRODUCTS_DIR; };
		B596517905A7D32CF66AC5CE /* Pods-AlsKeyboard.release.xcconfig */ = {isa = PBXFileReference; includeInIndex = 1; lastKnownFileType = text.xcconfig; name = "Pods-AlsKeyboard.release.xcconfig"; path = "Pods/Target Support Files/Pods-AlsKeyboard/Pods-AlsKeyboard.release.xcconfig"; sourceTree = "<group>"; };
		BB49DA0920E681D000D87620 /* VisionKitMoveDetector.swift */ = {isa = PBXFileReference; lastKnownFileType = sourcecode.swift; path = VisionKitMoveDetector.swift; sourceTree = "<group>"; };
		BB49DA0B20E688B600D87620 /* TutorialPracticeVC.swift */ = {isa = PBXFileReference; lastKnownFileType = sourcecode.swift; path = TutorialPracticeVC.swift; sourceTree = "<group>"; };
		BB49DA0D20E690DE00D87620 /* FaceInputDataTests.swift */ = {isa = PBXFileReference; lastKnownFileType = sourcecode.swift; path = FaceInputDataTests.swift; sourceTree = "<group>"; };
		BB49DA1020E6ADA100D87620 /* FacialExpressionTests.swift */ = {isa = PBXFileReference; lastKnownFileType = sourcecode.swift; path = FacialExpressionTests.swift; sourceTree = "<group>"; };
		BB4AA63E20DD30F4006EE5FA /* ARSceneKit.storyboard */ = {isa = PBXFileReference; lastKnownFileType = file.storyboard; path = ARSceneKit.storyboard; sourceTree = "<group>"; };
		BB4AA64020DD3192006EE5FA /* MainARSceneVC.swift */ = {isa = PBXFileReference; lastKnownFileType = sourcecode.swift; path = MainARSceneVC.swift; sourceTree = "<group>"; };
		BB4F492020DFC03E00F19109 /* MoveDetector.swift */ = {isa = PBXFileReference; lastKnownFileType = sourcecode.swift; path = MoveDetector.swift; sourceTree = "<group>"; };
		BB4F492320DFC05C00F19109 /* ARKitMoveDetector.swift */ = {isa = PBXFileReference; lastKnownFileType = sourcecode.swift; path = ARKitMoveDetector.swift; sourceTree = "<group>"; };
		BB4F492520DFC07E00F19109 /* DLibMoveDetector.swift */ = {isa = PBXFileReference; lastKnownFileType = sourcecode.swift; path = DLibMoveDetector.swift; sourceTree = "<group>"; };
		BB4F492820DFCA0000F19109 /* FacialMoveKeyboard.swift */ = {isa = PBXFileReference; lastKnownFileType = sourcecode.swift; path = FacialMoveKeyboard.swift; sourceTree = "<group>"; };
		BB4F492A20DFCA2700F19109 /* SimpleKeyboard.swift */ = {isa = PBXFileReference; lastKnownFileType = sourcecode.swift; path = SimpleKeyboard.swift; sourceTree = "<group>"; };
		BB4F492C20DFCA3C00F19109 /* FacialExpression.swift */ = {isa = PBXFileReference; lastKnownFileType = sourcecode.swift; path = FacialExpression.swift; sourceTree = "<group>"; };
		BB8D512A20DD3EAF00D81E51 /* FacialMove.swift */ = {isa = PBXFileReference; lastKnownFileType = sourcecode.swift; path = FacialMove.swift; sourceTree = "<group>"; };
		BBCE8DAC20CAA42600DBE34A /* Accelerate.framework */ = {isa = PBXFileReference; lastKnownFileType = wrapper.framework; name = Accelerate.framework; path = System/Library/Frameworks/Accelerate.framework; sourceTree = SDKROOT; };
		BBD4812F20D9659D00762EAE /* UserHardware.swift */ = {isa = PBXFileReference; lastKnownFileType = sourcecode.swift; path = UserHardware.swift; sourceTree = "<group>"; };
		BBEE83E620E537F700618FBD /* VisionSceneVC.swift */ = {isa = PBXFileReference; lastKnownFileType = sourcecode.swift; path = VisionSceneVC.swift; sourceTree = "<group>"; };
		BBEE83E820E5384500618FBD /* PreviewView.swift */ = {isa = PBXFileReference; lastKnownFileType = sourcecode.swift; path = PreviewView.swift; sourceTree = "<group>"; };
		BBEE83EA20E5407000618FBD /* OrientationExtensions.swift */ = {isa = PBXFileReference; lastKnownFileType = sourcecode.swift; path = OrientationExtensions.swift; sourceTree = "<group>"; };
		BBEE83F020E54EE900618FBD /* Tutorial.storyboard */ = {isa = PBXFileReference; lastKnownFileType = file.storyboard; path = Tutorial.storyboard; sourceTree = "<group>"; };
		BBEE83F220E54FE400618FBD /* TutorialIntroVC.swift */ = {isa = PBXFileReference; lastKnownFileType = sourcecode.swift; path = TutorialIntroVC.swift; sourceTree = "<group>"; };
		BE39840255B4EA271704529E /* Pods-AlsKeyboardUITests.debug.xcconfig */ = {isa = PBXFileReference; includeInIndex = 1; lastKnownFileType = text.xcconfig; name = "Pods-AlsKeyboardUITests.debug.xcconfig"; path = "Pods/Target Support Files/Pods-AlsKeyboardUITests/Pods-AlsKeyboardUITests.debug.xcconfig"; sourceTree = "<group>"; };
		DB9D7C778D7DF89115900D1F /* Pods-AlsKeyboard.debug.xcconfig */ = {isa = PBXFileReference; includeInIndex = 1; lastKnownFileType = text.xcconfig; name = "Pods-AlsKeyboard.debug.xcconfig"; path = "Pods/Target Support Files/Pods-AlsKeyboard/Pods-AlsKeyboard.debug.xcconfig"; sourceTree = "<group>"; };
		E40E4001567FC2C86E92C8AC /* Pods-AlsKeyboardTests.release.xcconfig */ = {isa = PBXFileReference; includeInIndex = 1; lastKnownFileType = text.xcconfig; name = "Pods-AlsKeyboardTests.release.xcconfig"; path = "Pods/Target Support Files/Pods-AlsKeyboardTests/Pods-AlsKeyboardTests.release.xcconfig"; sourceTree = "<group>"; };
/* End PBXFileReference section */

/* Begin PBXFrameworksBuildPhase section */
		A56695E91CE8B34B00BD7EAF /* Frameworks */ = {
			isa = PBXFrameworksBuildPhase;
			buildActionMask = 2147483647;
			files = (
				BBCE8DAD20CAA59B00DBE34A /* Accelerate.framework in Frameworks */,
				4001E4AD27527E624ED234FB /* Pods_AlsKeyboard.framework in Frameworks */,
			);
			runOnlyForDeploymentPostprocessing = 0;
		};
		A56695FD1CE8B34B00BD7EAF /* Frameworks */ = {
			isa = PBXFrameworksBuildPhase;
			buildActionMask = 2147483647;
			files = (
				F6BD193CF5094A5FF14C0BA4 /* Pods_AlsKeyboardTests.framework in Frameworks */,
			);
			runOnlyForDeploymentPostprocessing = 0;
		};
/* End PBXFrameworksBuildPhase section */

/* Begin PBXGroup section */
		5DE157A41F044DE0AC109B1E /* Frameworks */ = {
			isa = PBXGroup;
			children = (
				BBCE8DAC20CAA42600DBE34A /* Accelerate.framework */,
				8A06847AF1653B5891D83AF7 /* Pods_AlsKeyboard.framework */,
				A7322841C55E4AB95F6FEF98 /* Pods_AlsKeyboardTests.framework */,
				3E895BA39EEEA06CD290C48C /* Pods_AlsKeyboardUITests.framework */,
			);
			name = Frameworks;
			sourceTree = "<group>";
		};
		A22EA9161F2F622800423D84 /* Engine Code */ = {
			isa = PBXGroup;
			children = (
				A22EA91B1F2F622800423D84 /* FaceInputData.swift */,
				BB4F492C20DFCA3C00F19109 /* FacialExpression.swift */,
				BB8D512A20DD3EAF00D81E51 /* FacialMove.swift */,
				BB4F492220DFC04C00F19109 /* Move Detectors */,
				BB4F492720DFC9E900F19109 /* Keyboards */,
				A22EA9171F2F622800423D84 /* ALSEngine.swift */,
			);
			path = "Engine Code";
			sourceTree = "<group>";
		};
		A56695E31CE8B34B00BD7EAF = {
			isa = PBXGroup;
			children = (
				A56695EE1CE8B34B00BD7EAF /* AlsKeyboard */,
				A56696031CE8B34B00BD7EAF /* AlsKeyboardTests */,
				A566960E1CE8B34B00BD7EAF /* AlsKeyboardUITests */,
				A56695ED1CE8B34B00BD7EAF /* Products */,
				AE4991BF869376EF02662D70 /* Pods */,
				5DE157A41F044DE0AC109B1E /* Frameworks */,
			);
			sourceTree = "<group>";
		};
		A56695ED1CE8B34B00BD7EAF /* Products */ = {
			isa = PBXGroup;
			children = (
				A56695EC1CE8B34B00BD7EAF /* AlsKeyboard.app */,
				A56696001CE8B34B00BD7EAF /* AlsKeyboardTests.xctest */,
			);
			name = Products;
			sourceTree = "<group>";
		};
		A56695EE1CE8B34B00BD7EAF /* AlsKeyboard */ = {
			isa = PBXGroup;
			children = (
				A56695EF1CE8B34B00BD7EAF /* AppDelegate.swift */,
				BBCE8DAF20CAA5CB00DBE34A /* UI Layer */,
				A22EA9161F2F622800423D84 /* Engine Code */,
				BBCE8DAE20CAA5AA00DBE34A /* Configuration */,
			);
			path = AlsKeyboard;
			sourceTree = "<group>";
		};
		A56696031CE8B34B00BD7EAF /* AlsKeyboardTests */ = {
			isa = PBXGroup;
			children = (
				BB49DA0D20E690DE00D87620 /* FaceInputDataTests.swift */,
				BB49DA1020E6ADA100D87620 /* FacialExpressionTests.swift */,
				A56696041CE8B34B00BD7EAF /* KeyboardTests.swift */,
				A56696061CE8B34B00BD7EAF /* Info.plist */,
			);
			path = AlsKeyboardTests;
			sourceTree = "<group>";
		};
		A566960E1CE8B34B00BD7EAF /* AlsKeyboardUITests */ = {
			isa = PBXGroup;
			children = (
				A566960F1CE8B34B00BD7EAF /* AlsKeyboardUITests.swift */,
				A56696111CE8B34B00BD7EAF /* Info.plist */,
			);
			path = AlsKeyboardUITests;
			sourceTree = "<group>";
		};
		AE4991BF869376EF02662D70 /* Pods */ = {
			isa = PBXGroup;
			children = (
				DB9D7C778D7DF89115900D1F /* Pods-AlsKeyboard.debug.xcconfig */,
				B596517905A7D32CF66AC5CE /* Pods-AlsKeyboard.release.xcconfig */,
				6DD41D788CBDD9755E971763 /* Pods-AlsKeyboardTests.debug.xcconfig */,
				E40E4001567FC2C86E92C8AC /* Pods-AlsKeyboardTests.release.xcconfig */,
				BE39840255B4EA271704529E /* Pods-AlsKeyboardUITests.debug.xcconfig */,
				118EFC3CA248C26C06544824 /* Pods-AlsKeyboardUITests.release.xcconfig */,
			);
			name = Pods;
			sourceTree = "<group>";
		};
		BB4F492220DFC04C00F19109 /* Move Detectors */ = {
			isa = PBXGroup;
			children = (
				BB4F492020DFC03E00F19109 /* MoveDetector.swift */,
				BB4F492320DFC05C00F19109 /* ARKitMoveDetector.swift */,
				BB49DA0920E681D000D87620 /* VisionKitMoveDetector.swift */,
				BB4F492520DFC07E00F19109 /* DLibMoveDetector.swift */,
			);
			path = "Move Detectors";
			sourceTree = "<group>";
		};
		BB4F492720DFC9E900F19109 /* Keyboards */ = {
			isa = PBXGroup;
			children = (
				BB4F492820DFCA0000F19109 /* FacialMoveKeyboard.swift */,
				BB4F492A20DFCA2700F19109 /* SimpleKeyboard.swift */,
			);
			path = Keyboards;
			sourceTree = "<group>";
		};
		BB71E0F620E161A7004C219D /* View Controllers */ = {
			isa = PBXGroup;
			children = (
				BBEE83EE20E54ABE00618FBD /* ARKit Path */,
				BBEE83EF20E54AD200618FBD /* Vision Framework Path */,
			);
			path = "View Controllers";
			sourceTree = "<group>";
		};
		BBCE8DAE20CAA5AA00DBE34A /* Configuration */ = {
			isa = PBXGroup;
			children = (
				A56695F61CE8B34B00BD7EAF /* Assets.xcassets */,
				A56695FB1CE8B34B00BD7EAF /* Info.plist */,
			);
			path = Configuration;
			sourceTree = "<group>";
		};
		BBCE8DAF20CAA5CB00DBE34A /* UI Layer */ = {
			isa = PBXGroup;
			children = (
				BB71E0F620E161A7004C219D /* View Controllers */,
				BBCE8DB020CAA5D700DBE34A /* Storyboards */,
				BBD4812E20D9658A00762EAE /* Helpers */,
			);
			path = "UI Layer";
			sourceTree = "<group>";
		};
		BBCE8DB020CAA5D700DBE34A /* Storyboards */ = {
			isa = PBXGroup;
			children = (
				A56695F81CE8B34B00BD7EAF /* LaunchScreen.storyboard */,
				A56695F31CE8B34B00BD7EAF /* Main.storyboard */,
				BB4AA63E20DD30F4006EE5FA /* ARSceneKit.storyboard */,
				BBEE83F020E54EE900618FBD /* Tutorial.storyboard */,
			);
			path = Storyboards;
			sourceTree = "<group>";
		};
		BBD4812E20D9658A00762EAE /* Helpers */ = {
			isa = PBXGroup;
			children = (
				BBD4812F20D9659D00762EAE /* UserHardware.swift */,
				BBEE83EA20E5407000618FBD /* OrientationExtensions.swift */,
			);
			path = Helpers;
			sourceTree = "<group>";
		};
		BBEE83EE20E54ABE00618FBD /* ARKit Path */ = {
			isa = PBXGroup;
			children = (
				BB4AA64020DD3192006EE5FA /* MainARSceneVC.swift */,
				BBEE83F220E54FE400618FBD /* TutorialIntroVC.swift */,
				BB49DA0B20E688B600D87620 /* TutorialPracticeVC.swift */,
			);
			path = "ARKit Path";
			sourceTree = "<group>";
		};
		BBEE83EF20E54AD200618FBD /* Vision Framework Path */ = {
			isa = PBXGroup;
			children = (
				BBEE83E620E537F700618FBD /* VisionSceneVC.swift */,
				BBEE83E820E5384500618FBD /* PreviewView.swift */,
			);
			path = "Vision Framework Path";
			sourceTree = "<group>";
		};
/* End PBXGroup section */

/* Begin PBXNativeTarget section */
		A56695EB1CE8B34B00BD7EAF /* AlsKeyboard */ = {
			isa = PBXNativeTarget;
			buildConfigurationList = A56696141CE8B34B00BD7EAF /* Build configuration list for PBXNativeTarget "AlsKeyboard" */;
			buildPhases = (
				2D550E6781AECA7C8FFC3DFC /* [CP] Check Pods Manifest.lock */,
				A56695E81CE8B34B00BD7EAF /* Sources */,
				A56695E91CE8B34B00BD7EAF /* Frameworks */,
				A56695EA1CE8B34B00BD7EAF /* Resources */,
			);
			buildRules = (
			);
			dependencies = (
			);
			name = AlsKeyboard;
			productName = DisplayLiveSamples;
			productReference = A56695EC1CE8B34B00BD7EAF /* AlsKeyboard.app */;
			productType = "com.apple.product-type.application";
		};
		A56695FF1CE8B34B00BD7EAF /* AlsKeyboardTests */ = {
			isa = PBXNativeTarget;
			buildConfigurationList = A56696171CE8B34B00BD7EAF /* Build configuration list for PBXNativeTarget "AlsKeyboardTests" */;
			buildPhases = (
				3875547BCF625E6C3B3D8035 /* [CP] Check Pods Manifest.lock */,
				A56695FC1CE8B34B00BD7EAF /* Sources */,
				A56695FD1CE8B34B00BD7EAF /* Frameworks */,
				A56695FE1CE8B34B00BD7EAF /* Resources */,
			);
			buildRules = (
			);
			dependencies = (
				BB62CBAD20E6AFDA009472C7 /* PBXTargetDependency */,
			);
			name = AlsKeyboardTests;
			productName = DisplayLiveSamplesTests;
			productReference = A56696001CE8B34B00BD7EAF /* AlsKeyboardTests.xctest */;
			productType = "com.apple.product-type.bundle.unit-test";
		};
/* End PBXNativeTarget section */

/* Begin PBXProject section */
		A56695E41CE8B34B00BD7EAF /* Project object */ = {
			isa = PBXProject;
			attributes = {
				LastSwiftUpdateCheck = 0730;
				LastUpgradeCheck = 0940;
				ORGANIZATIONNAME = DorianLabs;
				TargetAttributes = {
					A56695EB1CE8B34B00BD7EAF = {
						CreatedOnToolsVersion = 7.3.1;
						DevelopmentTeam = WCG9HNJRTD;
						LastSwiftMigration = 0820;
					};
					A56695FF1CE8B34B00BD7EAF = {
						CreatedOnToolsVersion = 7.3.1;
						DevelopmentTeam = WCG9HNJRTD;
						LastSwiftMigration = 0820;
					};
				};
			};
			buildConfigurationList = A56695E71CE8B34B00BD7EAF /* Build configuration list for PBXProject "AlsKeyboard" */;
			compatibilityVersion = "Xcode 3.2";
			developmentRegion = English;
			hasScannedForEncodings = 0;
			knownRegions = (
				en,
				Base,
			);
			mainGroup = A56695E31CE8B34B00BD7EAF;
			productRefGroup = A56695ED1CE8B34B00BD7EAF /* Products */;
			projectDirPath = "";
			projectRoot = "";
			targets = (
				A56695EB1CE8B34B00BD7EAF /* AlsKeyboard */,
				A56695FF1CE8B34B00BD7EAF /* AlsKeyboardTests */,
			);
		};
/* End PBXProject section */

/* Begin PBXResourcesBuildPhase section */
		A56695EA1CE8B34B00BD7EAF /* Resources */ = {
			isa = PBXResourcesBuildPhase;
			buildActionMask = 2147483647;
			files = (
				A56695FA1CE8B34B00BD7EAF /* LaunchScreen.storyboard in Resources */,
				A56695F71CE8B34B00BD7EAF /* Assets.xcassets in Resources */,
				BB4AA63F20DD30F4006EE5FA /* ARSceneKit.storyboard in Resources */,
				BBEE83F120E54EE900618FBD /* Tutorial.storyboard in Resources */,
				A56695F51CE8B34B00BD7EAF /* Main.storyboard in Resources */,
			);
			runOnlyForDeploymentPostprocessing = 0;
		};
		A56695FE1CE8B34B00BD7EAF /* Resources */ = {
			isa = PBXResourcesBuildPhase;
			buildActionMask = 2147483647;
			files = (
			);
			runOnlyForDeploymentPostprocessing = 0;
		};
/* End PBXResourcesBuildPhase section */

/* Begin PBXShellScriptBuildPhase section */
		2D550E6781AECA7C8FFC3DFC /* [CP] Check Pods Manifest.lock */ = {
			isa = PBXShellScriptBuildPhase;
			buildActionMask = 2147483647;
			files = (
			);
			inputPaths = (
				"${PODS_PODFILE_DIR_PATH}/Podfile.lock",
				"${PODS_ROOT}/Manifest.lock",
			);
			name = "[CP] Check Pods Manifest.lock";
			outputPaths = (
				"$(DERIVED_FILE_DIR)/Pods-AlsKeyboard-checkManifestLockResult.txt",
			);
			runOnlyForDeploymentPostprocessing = 0;
			shellPath = /bin/sh;
			shellScript = "diff \"${PODS_PODFILE_DIR_PATH}/Podfile.lock\" \"${PODS_ROOT}/Manifest.lock\" > /dev/null\nif [ $? != 0 ] ; then\n    # print error to STDERR\n    echo \"error: The sandbox is not in sync with the Podfile.lock. Run 'pod install' or update your CocoaPods installation.\" >&2\n    exit 1\nfi\n# This output is used by Xcode 'outputs' to avoid re-running this script phase.\necho \"SUCCESS\" > \"${SCRIPT_OUTPUT_FILE_0}\"\n";
			showEnvVarsInLog = 0;
		};
		3875547BCF625E6C3B3D8035 /* [CP] Check Pods Manifest.lock */ = {
			isa = PBXShellScriptBuildPhase;
			buildActionMask = 2147483647;
			files = (
			);
			inputPaths = (
				"${PODS_PODFILE_DIR_PATH}/Podfile.lock",
				"${PODS_ROOT}/Manifest.lock",
			);
			name = "[CP] Check Pods Manifest.lock";
			outputPaths = (
				"$(DERIVED_FILE_DIR)/Pods-AlsKeyboardTests-checkManifestLockResult.txt",
			);
			runOnlyForDeploymentPostprocessing = 0;
			shellPath = /bin/sh;
			shellScript = "diff \"${PODS_PODFILE_DIR_PATH}/Podfile.lock\" \"${PODS_ROOT}/Manifest.lock\" > /dev/null\nif [ $? != 0 ] ; then\n    # print error to STDERR\n    echo \"error: The sandbox is not in sync with the Podfile.lock. Run 'pod install' or update your CocoaPods installation.\" >&2\n    exit 1\nfi\n# This output is used by Xcode 'outputs' to avoid re-running this script phase.\necho \"SUCCESS\" > \"${SCRIPT_OUTPUT_FILE_0}\"\n";
			showEnvVarsInLog = 0;
		};
/* End PBXShellScriptBuildPhase section */

/* Begin PBXSourcesBuildPhase section */
		A56695E81CE8B34B00BD7EAF /* Sources */ = {
			isa = PBXSourcesBuildPhase;
			buildActionMask = 2147483647;
			files = (
				BB4F492B20DFCA2700F19109 /* SimpleKeyboard.swift in Sources */,
				A22EA9231F2F626500423D84 /* FaceInputData.swift in Sources */,
				BBEE83EB20E5407000618FBD /* OrientationExtensions.swift in Sources */,
				BB4F492620DFC07E00F19109 /* DLibMoveDetector.swift in Sources */,
				BBD4813020D9659D00762EAE /* UserHardware.swift in Sources */,
				BB4F492D20DFCA3C00F19109 /* FacialExpression.swift in Sources */,
				BB49DA0A20E681D000D87620 /* VisionKitMoveDetector.swift in Sources */,
				BBEE83E920E5384500618FBD /* PreviewView.swift in Sources */,
				BBEE83E720E537F700618FBD /* VisionSceneVC.swift in Sources */,
				A22EA91F1F2F625C00423D84 /* ALSEngine.swift in Sources */,
				BB4F492420DFC05C00F19109 /* ARKitMoveDetector.swift in Sources */,
				BB49DA0C20E688B600D87620 /* TutorialPracticeVC.swift in Sources */,
				BB4F492120DFC03E00F19109 /* MoveDetector.swift in Sources */,
				BBEE83F320E54FE400618FBD /* TutorialIntroVC.swift in Sources */,
				BB4AA64120DD3192006EE5FA /* MainARSceneVC.swift in Sources */,
				BB4F492920DFCA0000F19109 /* FacialMoveKeyboard.swift in Sources */,
				A56695F01CE8B34B00BD7EAF /* AppDelegate.swift in Sources */,
				BB8D512B20DD3EAF00D81E51 /* FacialMove.swift in Sources */,
			);
			runOnlyForDeploymentPostprocessing = 0;
		};
		A56695FC1CE8B34B00BD7EAF /* Sources */ = {
			isa = PBXSourcesBuildPhase;
			buildActionMask = 2147483647;
			files = (
				BB62CBAE20E6B365009472C7 /* FaceInputData.swift in Sources */,
				BB62CBAF20E6B365009472C7 /* FacialExpression.swift in Sources */,
				BB62CBB020E6B365009472C7 /* FacialMove.swift in Sources */,
				BB62CBB120E6B365009472C7 /* MoveDetector.swift in Sources */,
				BB62CBB220E6B365009472C7 /* ARKitMoveDetector.swift in Sources */,
				BB62CBB320E6B365009472C7 /* VisionKitMoveDetector.swift in Sources */,
				BB62CBB420E6B365009472C7 /* DLibMoveDetector.swift in Sources */,
				BB62CBB520E6B365009472C7 /* FacialMoveKeyboard.swift in Sources */,
				BB62CBB620E6B365009472C7 /* SimpleKeyboard.swift in Sources */,
				BB62CBB720E6B365009472C7 /* ALSEngine.swift in Sources */,
				BB49DA0E20E690DE00D87620 /* FaceInputDataTests.swift in Sources */,
				BB49DA1120E6ADA100D87620 /* FacialExpressionTests.swift in Sources */,
				A56696051CE8B34B00BD7EAF /* KeyboardTests.swift in Sources */,
			);
			runOnlyForDeploymentPostprocessing = 0;
		};
/* End PBXSourcesBuildPhase section */

/* Begin PBXTargetDependency section */
		BB62CBAD20E6AFDA009472C7 /* PBXTargetDependency */ = {
			isa = PBXTargetDependency;
			target = A56695EB1CE8B34B00BD7EAF /* AlsKeyboard */;
			targetProxy = BB62CBAC20E6AFDA009472C7 /* PBXContainerItemProxy */;
		};
/* End PBXTargetDependency section */

/* Begin PBXVariantGroup section */
		A56695F31CE8B34B00BD7EAF /* Main.storyboard */ = {
			isa = PBXVariantGroup;
			children = (
				A56695F41CE8B34B00BD7EAF /* Base */,
			);
			name = Main.storyboard;
			sourceTree = "<group>";
		};
		A56695F81CE8B34B00BD7EAF /* LaunchScreen.storyboard */ = {
			isa = PBXVariantGroup;
			children = (
				A56695F91CE8B34B00BD7EAF /* Base */,
			);
			name = LaunchScreen.storyboard;
			sourceTree = "<group>";
		};
/* End PBXVariantGroup section */

/* Begin XCBuildConfiguration section */
		A56696121CE8B34B00BD7EAF /* Debug */ = {
			isa = XCBuildConfiguration;
			buildSettings = {
				ALWAYS_SEARCH_USER_PATHS = NO;
				CLANG_ANALYZER_NONNULL = YES;
				CLANG_CXX_LANGUAGE_STANDARD = "gnu++0x";
				CLANG_CXX_LIBRARY = "libc++";
				CLANG_ENABLE_MODULES = YES;
				CLANG_ENABLE_OBJC_ARC = YES;
				CLANG_WARN_BLOCK_CAPTURE_AUTORELEASING = YES;
				CLANG_WARN_BOOL_CONVERSION = YES;
				CLANG_WARN_COMMA = YES;
				CLANG_WARN_CONSTANT_CONVERSION = YES;
				CLANG_WARN_DEPRECATED_OBJC_IMPLEMENTATIONS = YES;
				CLANG_WARN_DIRECT_OBJC_ISA_USAGE = YES_ERROR;
				CLANG_WARN_EMPTY_BODY = YES;
				CLANG_WARN_ENUM_CONVERSION = YES;
				CLANG_WARN_INFINITE_RECURSION = YES;
				CLANG_WARN_INT_CONVERSION = YES;
				CLANG_WARN_NON_LITERAL_NULL_CONVERSION = YES;
				CLANG_WARN_OBJC_IMPLICIT_RETAIN_SELF = YES;
				CLANG_WARN_OBJC_LITERAL_CONVERSION = YES;
				CLANG_WARN_OBJC_ROOT_CLASS = YES_ERROR;
				CLANG_WARN_RANGE_LOOP_ANALYSIS = YES;
				CLANG_WARN_STRICT_PROTOTYPES = YES;
				CLANG_WARN_SUSPICIOUS_MOVE = YES;
				CLANG_WARN_UNREACHABLE_CODE = YES;
				CLANG_WARN__DUPLICATE_METHOD_MATCH = YES;
				"CODE_SIGN_IDENTITY[sdk=iphoneos*]" = "iPhone Developer";
				COPY_PHASE_STRIP = NO;
				DEBUG_INFORMATION_FORMAT = dwarf;
				ENABLE_STRICT_OBJC_MSGSEND = YES;
				ENABLE_TESTABILITY = YES;
				GCC_C_LANGUAGE_STANDARD = gnu99;
				GCC_DYNAMIC_NO_PIC = NO;
				GCC_NO_COMMON_BLOCKS = YES;
				GCC_OPTIMIZATION_LEVEL = 0;
				GCC_PREPROCESSOR_DEFINITIONS = (
					"DEBUG=1",
					"$(inherited)",
				);
				GCC_WARN_64_TO_32_BIT_CONVERSION = YES;
				GCC_WARN_ABOUT_RETURN_TYPE = YES_ERROR;
				GCC_WARN_UNDECLARED_SELECTOR = YES;
				GCC_WARN_UNINITIALIZED_AUTOS = YES_AGGRESSIVE;
				GCC_WARN_UNUSED_FUNCTION = YES;
				GCC_WARN_UNUSED_VARIABLE = YES;
				IPHONEOS_DEPLOYMENT_TARGET = 11.3;
				MTL_ENABLE_DEBUG_INFO = YES;
				ONLY_ACTIVE_ARCH = YES;
				SDKROOT = iphoneos;
				SWIFT_OPTIMIZATION_LEVEL = "-Onone";
				TARGETED_DEVICE_FAMILY = "1,2";
			};
			name = Debug;
		};
		A56696131CE8B34B00BD7EAF /* Release */ = {
			isa = XCBuildConfiguration;
			buildSettings = {
				ALWAYS_SEARCH_USER_PATHS = NO;
				CLANG_ANALYZER_NONNULL = YES;
				CLANG_CXX_LANGUAGE_STANDARD = "gnu++0x";
				CLANG_CXX_LIBRARY = "libc++";
				CLANG_ENABLE_MODULES = YES;
				CLANG_ENABLE_OBJC_ARC = YES;
				CLANG_WARN_BLOCK_CAPTURE_AUTORELEASING = YES;
				CLANG_WARN_BOOL_CONVERSION = YES;
				CLANG_WARN_COMMA = YES;
				CLANG_WARN_CONSTANT_CONVERSION = YES;
				CLANG_WARN_DEPRECATED_OBJC_IMPLEMENTATIONS = YES;
				CLANG_WARN_DIRECT_OBJC_ISA_USAGE = YES_ERROR;
				CLANG_WARN_EMPTY_BODY = YES;
				CLANG_WARN_ENUM_CONVERSION = YES;
				CLANG_WARN_INFINITE_RECURSION = YES;
				CLANG_WARN_INT_CONVERSION = YES;
				CLANG_WARN_NON_LITERAL_NULL_CONVERSION = YES;
				CLANG_WARN_OBJC_IMPLICIT_RETAIN_SELF = YES;
				CLANG_WARN_OBJC_LITERAL_CONVERSION = YES;
				CLANG_WARN_OBJC_ROOT_CLASS = YES_ERROR;
				CLANG_WARN_RANGE_LOOP_ANALYSIS = YES;
				CLANG_WARN_STRICT_PROTOTYPES = YES;
				CLANG_WARN_SUSPICIOUS_MOVE = YES;
				CLANG_WARN_UNREACHABLE_CODE = YES;
				CLANG_WARN__DUPLICATE_METHOD_MATCH = YES;
				"CODE_SIGN_IDENTITY[sdk=iphoneos*]" = "iPhone Developer";
				COPY_PHASE_STRIP = NO;
				DEBUG_INFORMATION_FORMAT = "dwarf-with-dsym";
				ENABLE_NS_ASSERTIONS = NO;
				ENABLE_STRICT_OBJC_MSGSEND = YES;
				GCC_C_LANGUAGE_STANDARD = gnu99;
				GCC_NO_COMMON_BLOCKS = YES;
				GCC_WARN_64_TO_32_BIT_CONVERSION = YES;
				GCC_WARN_ABOUT_RETURN_TYPE = YES_ERROR;
				GCC_WARN_UNDECLARED_SELECTOR = YES;
				GCC_WARN_UNINITIALIZED_AUTOS = YES_AGGRESSIVE;
				GCC_WARN_UNUSED_FUNCTION = YES;
				GCC_WARN_UNUSED_VARIABLE = YES;
				IPHONEOS_DEPLOYMENT_TARGET = 11.3;
				MTL_ENABLE_DEBUG_INFO = NO;
				SDKROOT = iphoneos;
				SWIFT_OPTIMIZATION_LEVEL = "-Owholemodule";
				TARGETED_DEVICE_FAMILY = "1,2";
				VALIDATE_PRODUCT = YES;
			};
			name = Release;
		};
		A56696151CE8B34B00BD7EAF /* Debug */ = {
			isa = XCBuildConfiguration;
			baseConfigurationReference = DB9D7C778D7DF89115900D1F /* Pods-AlsKeyboard.debug.xcconfig */;
			buildSettings = {
				ASSETCATALOG_COMPILER_APPICON_NAME = AppIcon;
				CLANG_ENABLE_MODULES = YES;
				DEVELOPMENT_TEAM = WCG9HNJRTD;
				INFOPLIST_FILE = AlsKeyboard/Configuration/Info.plist;
				IPHONEOS_DEPLOYMENT_TARGET = 11.3;
				LD_RUNPATH_SEARCH_PATHS = "$(inherited) @executable_path/Frameworks";
				LIBRARY_SEARCH_PATHS = "$(inherited)";
				PRODUCT_BUNDLE_IDENTIFIER = com.dorianlabs.AlsKeyboard;
				PRODUCT_NAME = "$(TARGET_NAME)";
				SWIFT_OPTIMIZATION_LEVEL = "-Onone";
				SWIFT_VERSION = 3.0;
				TARGETED_DEVICE_FAMILY = "1,2";
			};
			name = Debug;
		};
		A56696161CE8B34B00BD7EAF /* Release */ = {
			isa = XCBuildConfiguration;
			baseConfigurationReference = B596517905A7D32CF66AC5CE /* Pods-AlsKeyboard.release.xcconfig */;
			buildSettings = {
				ASSETCATALOG_COMPILER_APPICON_NAME = AppIcon;
				CLANG_ENABLE_MODULES = YES;
				DEVELOPMENT_TEAM = WCG9HNJRTD;
				INFOPLIST_FILE = AlsKeyboard/Configuration/Info.plist;
				IPHONEOS_DEPLOYMENT_TARGET = 11.3;
				LD_RUNPATH_SEARCH_PATHS = "$(inherited) @executable_path/Frameworks";
				LIBRARY_SEARCH_PATHS = "$(inherited)";
				PRODUCT_BUNDLE_IDENTIFIER = com.dorianlabs.AlsKeyboard;
				PRODUCT_NAME = "$(TARGET_NAME)";
				SWIFT_VERSION = 3.0;
				TARGETED_DEVICE_FAMILY = "1,2";
			};
			name = Release;
		};
		A56696181CE8B34B00BD7EAF /* Debug */ = {
			isa = XCBuildConfiguration;
			baseConfigurationReference = 6DD41D788CBDD9755E971763 /* Pods-AlsKeyboardTests.debug.xcconfig */;
			buildSettings = {
				DEVELOPMENT_TEAM = WCG9HNJRTD;
				LD_RUNPATH_SEARCH_PATHS = "$(inherited) @executable_path/Frameworks @loader_path/Frameworks";
				PRODUCT_BUNDLE_IDENTIFIER = com.dorianlabs.AlsKeyboardTests;
				PRODUCT_NAME = "$(TARGET_NAME)";
				SWIFT_VERSION = 3.0;
			};
			name = Debug;
		};
		A56696191CE8B34B00BD7EAF /* Release */ = {
			isa = XCBuildConfiguration;
			baseConfigurationReference = E40E4001567FC2C86E92C8AC /* Pods-AlsKeyboardTests.release.xcconfig */;
			buildSettings = {
				DEVELOPMENT_TEAM = WCG9HNJRTD;
				LD_RUNPATH_SEARCH_PATHS = "$(inherited) @executable_path/Frameworks @loader_path/Frameworks";
				PRODUCT_BUNDLE_IDENTIFIER = com.dorianlabs.AlsKeyboardTests;
				PRODUCT_NAME = "$(TARGET_NAME)";
				SWIFT_VERSION = 3.0;
			};
			name = Release;
		};
/* End XCBuildConfiguration section */

/* Begin XCConfigurationList section */
		A56695E71CE8B34B00BD7EAF /* Build configuration list for PBXProject "AlsKeyboard" */ = {
			isa = XCConfigurationList;
			buildConfigurations = (
				A56696121CE8B34B00BD7EAF /* Debug */,
				A56696131CE8B34B00BD7EAF /* Release */,
			);
			defaultConfigurationIsVisible = 0;
			defaultConfigurationName = Release;
		};
		A56696141CE8B34B00BD7EAF /* Build configuration list for PBXNativeTarget "AlsKeyboard" */ = {
			isa = XCConfigurationList;
			buildConfigurations = (
				A56696151CE8B34B00BD7EAF /* Debug */,
				A56696161CE8B34B00BD7EAF /* Release */,
			);
			defaultConfigurationIsVisible = 0;
			defaultConfigurationName = Release;
		};
		A56696171CE8B34B00BD7EAF /* Build configuration list for PBXNativeTarget "AlsKeyboardTests" */ = {
			isa = XCConfigurationList;
			buildConfigurations = (
				A56696181CE8B34B00BD7EAF /* Debug */,
				A56696191CE8B34B00BD7EAF /* Release */,
			);
			defaultConfigurationIsVisible = 0;
			defaultConfigurationName = Release;
		};
/* End XCConfigurationList section */
	};
	rootObject = A56695E41CE8B34B00BD7EAF /* Project object */;
}
